
Microsoft Visual Studio Solution File, Format Version 12.00
# Visual Studio Version 17
VisualStudioVersion = 17.0.31903.59
MinimumVisualStudioVersion = 10.0.40219.1
Project("{2150E333-8FDC-42A3-9474-1A3956D46DE8}") = "PortalApi", "PortalApi", "{6539D7CC-0FAD-AD47-50B8-51585BAEF13B}"
EndProject
Project("{2150E333-8FDC-42A3-9474-1A3956D46DE8}") = "src", "src", "{68C28298-4BA8-B45D-8B9C-E4489D4B4464}"
EndProject
Project("{FAE04EC0-301F-11D3-BF4B-00C04F79EFBC}") = "PortalApi.Domain", "PortalApi\src\PortalApi.Domain\PortalApi.Domain.csproj", "{F198CF76-BE0A-4EDA-9E82-401C853A0A5C}"
EndProject
Project("{FAE04EC0-301F-11D3-BF4B-00C04F79EFBC}") = "PortalApi.Application.Contracts", "PortalApi\src\PortalApi.Application.Contracts\PortalApi.Application.Contracts.csproj", "{4E0F1F33-5C5C-4BD7-8B9E-8A8EFB34624A}"
EndProject
Project("{FAE04EC0-301F-11D3-BF4B-00C04F79EFBC}") = "PortalApi.Application", "PortalApi\src\PortalApi.Application\PortalApi.Application.csproj", "{078D91F2-4107-4E2E-8835-20092914F8D8}"
EndProject
Project("{FAE04EC0-301F-11D3-BF4B-00C04F79EFBC}") = "PortalApi.EntityFrameworkCore", "PortalApi\src\PortalApi.EntityFrameworkCore\PortalApi.EntityFrameworkCore.csproj", "{2778994B-CC4E-4BE8-BC46-2DE990E3AA84}"
EndProject
Project("{FAE04EC0-301F-11D3-BF4B-00C04F79EFBC}") = "PortalApi.HttpApi", "PortalApi\src\PortalApi.HttpApi\PortalApi.HttpApi.csproj", "{059D99BD-44D4-4CA2-BA39-FDC1B39E7C97}"
EndProject
Project("{FAE04EC0-301F-11D3-BF4B-00C04F79EFBC}") = "PortalApi.HttpApi.Host", "PortalApi\src\PortalApi.HttpApi.Host\PortalApi.HttpApi.Host.csproj", "{F1BEB6CA-9188-4325-8C8F-E07273087F0C}"
EndProject
Project("{FAE04EC0-301F-11D3-BF4B-00C04F79EFBC}") = "PortalApi.Domain.Shared", "PortalApi\src\PortalApi.Domain.Shared\PortalApi.Domain.Shared.csproj", "{B6C53DF3-4B70-44C0-9235-11A537A2E0A7}"
EndProject
Project("{FAE04EC0-301F-11D3-BF4B-00C04F79EFBC}") = "PortalApi.DbMigrator", "PortalApi\src\PortalApi.DbMigrator\PortalApi.DbMigrator.csproj", "{74F70FA8-FAB8-4964-BBEA-3D6F1C36273C}"
EndProject
Project("{FAE04EC0-301F-11D3-BF4B-00C04F79EFBC}") = "PortalApi.HttpApi.Client", "PortalApi\src\PortalApi.HttpApi.Client\PortalApi.HttpApi.Client.csproj", "{DC9A1342-B376-4D1A-A950-244F3F874FAB}"
EndProject
Global
	GlobalSection(SolutionConfigurationPlatforms) = preSolution
		Debug|Any CPU = Debug|Any CPU
		Debug|x64 = Debug|x64
		Debug|x86 = Debug|x86
		Release|Any CPU = Release|Any CPU
		Release|x64 = Release|x64
		Release|x86 = Release|x86
	EndGlobalSection
	GlobalSection(ProjectConfigurationPlatforms) = postSolution
		{F198CF76-BE0A-4EDA-9E82-401C853A0A5C}.Debug|Any CPU.ActiveCfg = Debug|Any CPU
		{F198CF76-BE0A-4EDA-9E82-401C853A0A5C}.Debug|Any CPU.Build.0 = Debug|Any CPU
		{F198CF76-BE0A-4EDA-9E82-401C853A0A5C}.Debug|x64.ActiveCfg = Debug|Any CPU
		{F198CF76-BE0A-4EDA-9E82-401C853A0A5C}.Debug|x64.Build.0 = Debug|Any CPU
		{F198CF76-BE0A-4EDA-9E82-401C853A0A5C}.Debug|x86.ActiveCfg = Debug|Any CPU
		{F198CF76-BE0A-4EDA-9E82-401C853A0A5C}.Debug|x86.Build.0 = Debug|Any CPU
		{F198CF76-BE0A-4EDA-9E82-401C853A0A5C}.Release|Any CPU.ActiveCfg = Release|Any CPU
		{F198CF76-BE0A-4EDA-9E82-401C853A0A5C}.Release|Any CPU.Build.0 = Release|Any CPU
		{F198CF76-BE0A-4EDA-9E82-401C853A0A5C}.Release|x64.ActiveCfg = Release|Any CPU
		{F198CF76-BE0A-4EDA-9E82-401C853A0A5C}.Release|x64.Build.0 = Release|Any CPU
		{F198CF76-BE0A-4EDA-9E82-401C853A0A5C}.Release|x86.ActiveCfg = Release|Any CPU
		{F198CF76-BE0A-4EDA-9E82-401C853A0A5C}.Release|x86.Build.0 = Release|Any CPU
		{4E0F1F33-5C5C-4BD7-8B9E-8A8EFB34624A}.Debug|Any CPU.ActiveCfg = Debug|Any CPU
		{4E0F1F33-5C5C-4BD7-8B9E-8A8EFB34624A}.Debug|Any CPU.Build.0 = Debug|Any CPU
		{4E0F1F33-5C5C-4BD7-8B9E-8A8EFB34624A}.Debug|x64.ActiveCfg = Debug|Any CPU
		{4E0F1F33-5C5C-4BD7-8B9E-8A8EFB34624A}.Debug|x64.Build.0 = Debug|Any CPU
		{4E0F1F33-5C5C-4BD7-8B9E-8A8EFB34624A}.Debug|x86.ActiveCfg = Debug|Any CPU
		{4E0F1F33-5C5C-4BD7-8B9E-8A8EFB34624A}.Debug|x86.Build.0 = Debug|Any CPU
		{4E0F1F33-5C5C-4BD7-8B9E-8A8EFB34624A}.Release|Any CPU.ActiveCfg = Release|Any CPU
		{4E0F1F33-5C5C-4BD7-8B9E-8A8EFB34624A}.Release|Any CPU.Build.0 = Release|Any CPU
		{4E0F1F33-5C5C-4BD7-8B9E-8A8EFB34624A}.Release|x64.ActiveCfg = Release|Any CPU
		{4E0F1F33-5C5C-4BD7-8B9E-8A8EFB34624A}.Release|x64.Build.0 = Release|Any CPU
		{4E0F1F33-5C5C-4BD7-8B9E-8A8EFB34624A}.Release|x86.ActiveCfg = Release|Any CPU
		{4E0F1F33-5C5C-4BD7-8B9E-8A8EFB34624A}.Release|x86.Build.0 = Release|Any CPU
		{078D91F2-4107-4E2E-8835-20092914F8D8}.Debug|Any CPU.ActiveCfg = Debug|Any CPU
		{078D91F2-4107-4E2E-8835-20092914F8D8}.Debug|Any CPU.Build.0 = Debug|Any CPU
		{078D91F2-4107-4E2E-8835-20092914F8D8}.Debug|x64.ActiveCfg = Debug|Any CPU
		{078D91F2-4107-4E2E-8835-20092914F8D8}.Debug|x64.Build.0 = Debug|Any CPU
		{078D91F2-4107-4E2E-8835-20092914F8D8}.Debug|x86.ActiveCfg = Debug|Any CPU
		{078D91F2-4107-4E2E-8835-20092914F8D8}.Debug|x86.Build.0 = Debug|Any CPU
		{078D91F2-4107-4E2E-8835-20092914F8D8}.Release|Any CPU.ActiveCfg = Release|Any CPU
		{078D91F2-4107-4E2E-8835-20092914F8D8}.Release|Any CPU.Build.0 = Release|Any CPU
		{078D91F2-4107-4E2E-8835-20092914F8D8}.Release|x64.ActiveCfg = Release|Any CPU
		{078D91F2-4107-4E2E-8835-20092914F8D8}.Release|x64.Build.0 = Release|Any CPU
		{078D91F2-4107-4E2E-8835-20092914F8D8}.Release|x86.ActiveCfg = Release|Any CPU
		{078D91F2-4107-4E2E-8835-20092914F8D8}.Release|x86.Build.0 = Release|Any CPU
		{2778994B-CC4E-4BE8-BC46-2DE990E3AA84}.Debug|Any CPU.ActiveCfg = Debug|Any CPU
		{2778994B-CC4E-4BE8-BC46-2DE990E3AA84}.Debug|Any CPU.Build.0 = Debug|Any CPU
		{2778994B-CC4E-4BE8-BC46-2DE990E3AA84}.Debug|x64.ActiveCfg = Debug|Any CPU
		{2778994B-CC4E-4BE8-BC46-2DE990E3AA84}.Debug|x64.Build.0 = Debug|Any CPU
		{2778994B-CC4E-4BE8-BC46-2DE990E3AA84}.Debug|x86.ActiveCfg = Debug|Any CPU
		{2778994B-CC4E-4BE8-BC46-2DE990E3AA84}.Debug|x86.Build.0 = Debug|Any CPU
		{2778994B-CC4E-4BE8-BC46-2DE990E3AA84}.Release|Any CPU.ActiveCfg = Release|Any CPU
		{2778994B-CC4E-4BE8-BC46-2DE990E3AA84}.Release|Any CPU.Build.0 = Release|Any CPU
		{2778994B-CC4E-4BE8-BC46-2DE990E3AA84}.Release|x64.ActiveCfg = Release|Any CPU
		{2778994B-CC4E-4BE8-BC46-2DE990E3AA84}.Release|x64.Build.0 = Release|Any CPU
		{2778994B-CC4E-4BE8-BC46-2DE990E3AA84}.Release|x86.ActiveCfg = Release|Any CPU
		{2778994B-CC4E-4BE8-BC46-2DE990E3AA84}.Release|x86.Build.0 = Release|Any CPU
		{059D99BD-44D4-4CA2-BA39-FDC1B39E7C97}.Debug|Any CPU.ActiveCfg = Debug|Any CPU
		{059D99BD-44D4-4CA2-BA39-FDC1B39E7C97}.Debug|Any CPU.Build.0 = Debug|Any CPU
		{059D99BD-44D4-4CA2-BA39-FDC1B39E7C97}.Debug|x64.ActiveCfg = Debug|Any CPU
		{059D99BD-44D4-4CA2-BA39-FDC1B39E7C97}.Debug|x64.Build.0 = Debug|Any CPU
		{059D99BD-44D4-4CA2-BA39-FDC1B39E7C97}.Debug|x86.ActiveCfg = Debug|Any CPU
		{059D99BD-44D4-4CA2-BA39-FDC1B39E7C97}.Debug|x86.Build.0 = Debug|Any CPU
		{059D99BD-44D4-4CA2-BA39-FDC1B39E7C97}.Release|Any CPU.ActiveCfg = Release|Any CPU
		{059D99BD-44D4-4CA2-BA39-FDC1B39E7C97}.Release|Any CPU.Build.0 = Release|Any CPU
		{059D99BD-44D4-4CA2-BA39-FDC1B39E7C97}.Release|x64.ActiveCfg = Release|Any CPU
		{059D99BD-44D4-4CA2-BA39-FDC1B39E7C97}.Release|x64.Build.0 = Release|Any CPU
		{059D99BD-44D4-4CA2-BA39-FDC1B39E7C97}.Release|x86.ActiveCfg = Release|Any CPU
		{059D99BD-44D4-4CA2-BA39-FDC1B39E7C97}.Release|x86.Build.0 = Release|Any CPU
		{F1BEB6CA-9188-4325-8C8F-E07273087F0C}.Debug|Any CPU.ActiveCfg = Debug|Any CPU
		{F1BEB6CA-9188-4325-8C8F-E07273087F0C}.Debug|Any CPU.Build.0 = Debug|Any CPU
		{F1BEB6CA-9188-4325-8C8F-E07273087F0C}.Debug|x64.ActiveCfg = Debug|Any CPU
		{F1BEB6CA-9188-4325-8C8F-E07273087F0C}.Debug|x64.Build.0 = Debug|Any CPU
		{F1BEB6CA-9188-4325-8C8F-E07273087F0C}.Debug|x86.ActiveCfg = Debug|Any CPU
		{F1BEB6CA-9188-4325-8C8F-E07273087F0C}.Debug|x86.Build.0 = Debug|Any CPU
		{F1BEB6CA-9188-4325-8C8F-E07273087F0C}.Release|Any CPU.ActiveCfg = Release|Any CPU
		{F1BEB6CA-9188-4325-8C8F-E07273087F0C}.Release|Any CPU.Build.0 = Release|Any CPU
		{F1BEB6CA-9188-4325-8C8F-E07273087F0C}.Release|x64.ActiveCfg = Release|Any CPU
		{F1BEB6CA-9188-4325-8C8F-E07273087F0C}.Release|x64.Build.0 = Release|Any CPU
		{F1BEB6CA-9188-4325-8C8F-E07273087F0C}.Release|x86.ActiveCfg = Release|Any CPU
		{F1BEB6CA-9188-4325-8C8F-E07273087F0C}.Release|x86.Build.0 = Release|Any CPU
		{B6C53DF3-4B70-44C0-9235-11A537A2E0A7}.Debug|Any CPU.ActiveCfg = Debug|Any CPU
		{B6C53DF3-4B70-44C0-9235-11A537A2E0A7}.Debug|Any CPU.Build.0 = Debug|Any CPU
		{B6C53DF3-4B70-44C0-9235-11A537A2E0A7}.Debug|x64.ActiveCfg = Debug|Any CPU
		{B6C53DF3-4B70-44C0-9235-11A537A2E0A7}.Debug|x64.Build.0 = Debug|Any CPU
		{B6C53DF3-4B70-44C0-9235-11A537A2E0A7}.Debug|x86.ActiveCfg = Debug|Any CPU
		{B6C53DF3-4B70-44C0-9235-11A537A2E0A7}.Debug|x86.Build.0 = Debug|Any CPU
		{B6C53DF3-4B70-44C0-9235-11A537A2E0A7}.Release|Any CPU.ActiveCfg = Release|Any CPU
		{B6C53DF3-4B70-44C0-9235-11A537A2E0A7}.Release|Any CPU.Build.0 = Release|Any CPU
		{B6C53DF3-4B70-44C0-9235-11A537A2E0A7}.Release|x64.ActiveCfg = Release|Any CPU
		{B6C53DF3-4B70-44C0-9235-11A537A2E0A7}.Release|x64.Build.0 = Release|Any CPU
		{B6C53DF3-4B70-44C0-9235-11A537A2E0A7}.Release|x86.ActiveCfg = Release|Any CPU
		{B6C53DF3-4B70-44C0-9235-11A537A2E0A7}.Release|x86.Build.0 = Release|Any CPU
		{74F70FA8-FAB8-4964-BBEA-3D6F1C36273C}.Debug|Any CPU.ActiveCfg = Debug|Any CPU
		{74F70FA8-FAB8-4964-BBEA-3D6F1C36273C}.Debug|Any CPU.Build.0 = Debug|Any CPU
		{74F70FA8-FAB8-4964-BBEA-3D6F1C36273C}.Debug|x64.ActiveCfg = Debug|Any CPU
		{74F70FA8-FAB8-4964-BBEA-3D6F1C36273C}.Debug|x64.Build.0 = Debug|Any CPU
		{74F70FA8-FAB8-4964-BBEA-3D6F1C36273C}.Debug|x86.ActiveCfg = Debug|Any CPU
		{74F70FA8-FAB8-4964-BBEA-3D6F1C36273C}.Debug|x86.Build.0 = Debug|Any CPU
		{74F70FA8-FAB8-4964-BBEA-3D6F1C36273C}.Release|Any CPU.ActiveCfg = Release|Any CPU
		{74F70FA8-FAB8-4964-BBEA-3D6F1C36273C}.Release|Any CPU.Build.0 = Release|Any CPU
		{74F70FA8-FAB8-4964-BBEA-3D6F1C36273C}.Release|x64.ActiveCfg = Release|Any CPU
		{74F70FA8-FAB8-4964-BBEA-3D6F1C36273C}.Release|x64.Build.0 = Release|Any CPU
		{74F70FA8-FAB8-4964-BBEA-3D6F1C36273C}.Release|x86.ActiveCfg = Release|Any CPU
		{74F70FA8-FAB8-4964-BBEA-3D6F1C36273C}.Release|x86.Build.0 = Release|Any CPU
		{DC9A1342-B376-4D1A-A950-244F3F874FAB}.Debug|Any CPU.ActiveCfg = Debug|Any CPU
		{DC9A1342-B376-4D1A-A950-244F3F874FAB}.Debug|Any CPU.Build.0 = Debug|Any CPU
		{DC9A1342-B376-4D1A-A950-244F3F874FAB}.Debug|x64.ActiveCfg = Debug|Any CPU
		{DC9A1342-B376-4D1A-A950-244F3F874FAB}.Debug|x64.Build.0 = Debug|Any CPU
		{DC9A1342-B376-4D1A-A950-244F3F874FAB}.Debug|x86.ActiveCfg = Debug|Any CPU
		{DC9A1342-B376-4D1A-A950-244F3F874FAB}.Debug|x86.Build.0 = Debug|Any CPU
		{DC9A1342-B376-4D1A-A950-244F3F874FAB}.Release|Any CPU.ActiveCfg = Release|Any CPU
		{DC9A1342-B376-4D1A-A950-244F3F874FAB}.Release|Any CPU.Build.0 = Release|Any CPU
		{DC9A1342-B376-4D1A-A950-244F3F874FAB}.Release|x64.ActiveCfg = Release|Any CPU
		{DC9A1342-B376-4D1A-A950-244F3F874FAB}.Release|x64.Build.0 = Release|Any CPU
		{DC9A1342-B376-4D1A-A950-244F3F874FAB}.Release|x86.ActiveCfg = Release|Any CPU
		{DC9A1342-B376-4D1A-A950-244F3F874FAB}.Release|x86.Build.0 = Release|Any CPU
	EndGlobalSection
	GlobalSection(SolutionProperties) = preSolution
		HideSolutionNode = FALSE
	EndGlobalSection
	GlobalSection(NestedProjects) = preSolution
		{68C28298-4BA8-B45D-8B9C-E4489D4B4464} = {6539D7CC-0FAD-AD47-50B8-51585BAEF13B}
		{F198CF76-BE0A-4EDA-9E82-401C853A0A5C} = {68C28298-4BA8-B45D-8B9C-E4489D4B4464}
		{4E0F1F33-5C5C-4BD7-8B9E-8A8EFB34624A} = {68C28298-4BA8-B45D-8B9C-E4489D4B4464}
		{078D91F2-4107-4E2E-8835-20092914F8D8} = {68C28298-4BA8-B45D-8B9C-E4489D4B4464}
		{2778994B-CC4E-4BE8-BC46-2DE990E3AA84} = {68C28298-4BA8-B45D-8B9C-E4489D4B4464}
		{059D99BD-44D4-4CA2-BA39-FDC1B39E7C97} = {68C28298-4BA8-B45D-8B9C-E4489D4B4464}
		{F1BEB6CA-9188-4325-8C8F-E07273087F0C} = {68C28298-4BA8-B45D-8B9C-E4489D4B4464}
		{B6C53DF3-4B70-44C0-9235-11A537A2E0A7} = {68C28298-4BA8-B45D-8B9C-E4489D4B4464}
		{74F70FA8-FAB8-4964-BBEA-3D6F1C36273C} = {68C28298-4BA8-B45D-8B9C-E4489D4B4464}
		{DC9A1342-B376-4D1A-A950-244F3F874FAB} = {68C28298-4BA8-B45D-8B9C-E4489D4B4464}
	EndGlobalSection
EndGlobal
